
Microsoft Visual Studio Solution File, Format Version 12.00
# Visual Studio Version 17
VisualStudioVersion = 17.1.32421.90
MinimumVisualStudioVersion = 10.0.40219.1
Project("{FAE04EC0-301F-11D3-BF4B-00C04F79EFBC}") = "HashTable", "HashTable.csproj", "{FA77F251-BCEE-450E-863E-8B15C90D8B0F}"
EndProject
Global
	GlobalSection(SolutionConfigurationPlatforms) = preSolution
		Debug|Any CPU = Debug|Any CPU
		Release|Any CPU = Release|Any CPU
	EndGlobalSection
	GlobalSection(ProjectConfigurationPlatforms) = postSolution
		{FA77F251-BCEE-450E-863E-8B15C90D8B0F}.Debug|Any CPU.ActiveCfg = Debug|Any CPU
		{FA77F251-BCEE-450E-863E-8B15C90D8B0F}.Debug|Any CPU.Build.0 = Debug|Any CPU
		{FA77F251-BCEE-450E-863E-8B15C90D8B0F}.Release|Any CPU.ActiveCfg = Release|Any CPU
		{FA77F251-BCEE-450E-863E-8B15C90D8B0F}.Release|Any CPU.Build.0 = Release|Any CPU
	EndGlobalSection
	GlobalSection(SolutionProperties) = preSolution
		HideSolutionNode = FALSE
	EndGlobalSection
	GlobalSection(ExtensibilityGlobals) = postSolution
		SolutionGuid = {54598257-CD0B-4635-8081-D813334A2D7D}
	EndGlobalSection
EndGlobal
